// !$*UTF8*$!
{
	archiveVersion = 1;
	classes = {
	};
	objectVersion = 56;
	objects = {

/* Begin PBXBuildFile section */
		323C5A702AD05AD400CB8694 /* FishApp.swift in Sources */ = {isa = PBXBuildFile; fileRef = 323C5A6F2AD05AD400CB8694 /* FishApp.swift */; };
		323C5A722AD05AD400CB8694 /* ContentView.swift in Sources */ = {isa = PBXBuildFile; fileRef = 323C5A712AD05AD400CB8694 /* ContentView.swift */; };
		323C5A742AD05AD600CB8694 /* Assets.xcassets in Resources */ = {isa = PBXBuildFile; fileRef = 323C5A732AD05AD600CB8694 /* Assets.xcassets */; };
		323C5A772AD05AD600CB8694 /* Preview Assets.xcassets in Resources */ = {isa = PBXBuildFile; fileRef = 323C5A762AD05AD600CB8694 /* Preview Assets.xcassets */; };
		323C5A7E2AD0670B00CB8694 /* FishView.swift in Sources */ = {isa = PBXBuildFile; fileRef = 323C5A7D2AD0670B00CB8694 /* FishView.swift */; };
		323C5A802AD0677F00CB8694 /* LogView.swift in Sources */ = {isa = PBXBuildFile; fileRef = 323C5A7F2AD0677F00CB8694 /* LogView.swift */; };
		32797BBD2AD072ED0041E3CC /* ChallengesView.swift in Sources */ = {isa = PBXBuildFile; fileRef = 32797BBC2AD072ED0041E3CC /* ChallengesView.swift */; };
		32797BBF2AD0B2C90041E3CC /* ChallengeRowView.swift in Sources */ = {isa = PBXBuildFile; fileRef = 32797BBE2AD0B2C90041E3CC /* ChallengeRowView.swift */; };
		32797BC12AD0B2CD0041E3CC /* Challenge.swift in Sources */ = {isa = PBXBuildFile; fileRef = 32797BC02AD0B2CD0041E3CC /* Challenge.swift */; };
		32797BC32AD0B4E60041E3CC /* Fish.scn in Resources */ = {isa = PBXBuildFile; fileRef = 32797BC22AD0B4E60041E3CC /* Fish.scn */; };
		32797BC52AD0B5750041E3CC /* FishRendererManager.swift in Sources */ = {isa = PBXBuildFile; fileRef = 32797BC42AD0B5750041E3CC /* FishRendererManager.swift */; };
		32797BC72AD0B6CC0041E3CC /* FishSceneView.swift in Sources */ = {isa = PBXBuildFile; fileRef = 32797BC62AD0B6CC0041E3CC /* FishSceneView.swift */; };
/* End PBXBuildFile section */

/* Begin PBXFileReference section */
		323C5A6C2AD05AD400CB8694 /* Fish.app */ = {isa = PBXFileReference; explicitFileType = wrapper.application; includeInIndex = 0; path = Fish.app; sourceTree = BUILT_PRODUCTS_DIR; };
		323C5A6F2AD05AD400CB8694 /* FishApp.swift */ = {isa = PBXFileReference; lastKnownFileType = sourcecode.swift; path = FishApp.swift; sourceTree = "<group>"; };
		323C5A712AD05AD400CB8694 /* ContentView.swift */ = {isa = PBXFileReference; lastKnownFileType = sourcecode.swift; path = ContentView.swift; sourceTree = "<group>"; };
		323C5A732AD05AD600CB8694 /* Assets.xcassets */ = {isa = PBXFileReference; lastKnownFileType = folder.assetcatalog; path = Assets.xcassets; sourceTree = "<group>"; };
		323C5A762AD05AD600CB8694 /* Preview Assets.xcassets */ = {isa = PBXFileReference; lastKnownFileType = folder.assetcatalog; path = "Preview Assets.xcassets"; sourceTree = "<group>"; };
		323C5A7D2AD0670B00CB8694 /* FishView.swift */ = {isa = PBXFileReference; lastKnownFileType = sourcecode.swift; path = FishView.swift; sourceTree = "<group>"; };
		323C5A7F2AD0677F00CB8694 /* LogView.swift */ = {isa = PBXFileReference; lastKnownFileType = sourcecode.swift; path = LogView.swift; sourceTree = "<group>"; };
		32797BBC2AD072ED0041E3CC /* ChallengesView.swift */ = {isa = PBXFileReference; lastKnownFileType = sourcecode.swift; path = ChallengesView.swift; sourceTree = "<group>"; };
		32797BBE2AD0B2C90041E3CC /* ChallengeRowView.swift */ = {isa = PBXFileReference; lastKnownFileType = sourcecode.swift; path = ChallengeRowView.swift; sourceTree = "<group>"; };
		32797BC02AD0B2CD0041E3CC /* Challenge.swift */ = {isa = PBXFileReference; lastKnownFileType = sourcecode.swift; path = Challenge.swift; sourceTree = "<group>"; };
		32797BC22AD0B4E60041E3CC /* Fish.scn */ = {isa = PBXFileReference; lastKnownFileType = file.bplist; path = Fish.scn; sourceTree = "<group>"; };
		32797BC42AD0B5750041E3CC /* FishRendererManager.swift */ = {isa = PBXFileReference; lastKnownFileType = sourcecode.swift; path = FishRendererManager.swift; sourceTree = "<group>"; };
		32797BC62AD0B6CC0041E3CC /* FishSceneView.swift */ = {isa = PBXFileReference; lastKnownFileType = sourcecode.swift; path = FishSceneView.swift; sourceTree = "<group>"; };
/* End PBXFileReference section */

/* Begin PBXFrameworksBuildPhase section */
		323C5A692AD05AD400CB8694 /* Frameworks */ = {
			isa = PBXFrameworksBuildPhase;
			buildActionMask = 2147483647;
			files = (
			);
			runOnlyForDeploymentPostprocessing = 0;
		};
/* End PBXFrameworksBuildPhase section */

/* Begin PBXGroup section */
		323C5A632AD05AD400CB8694 = {
			isa = PBXGroup;
			children = (
				323C5A6E2AD05AD400CB8694 /* Fish */,
				323C5A6D2AD05AD400CB8694 /* Products */,
			);
			sourceTree = "<group>";
		};
		323C5A6D2AD05AD400CB8694 /* Products */ = {
			isa = PBXGroup;
			children = (
				323C5A6C2AD05AD400CB8694 /* Fish.app */,
			);
			name = Products;
			sourceTree = "<group>";
		};
		323C5A6E2AD05AD400CB8694 /* Fish */ = {
			isa = PBXGroup;
			children = (
				323C5A6F2AD05AD400CB8694 /* FishApp.swift */,
				323C5A712AD05AD400CB8694 /* ContentView.swift */,
				323C5A7D2AD0670B00CB8694 /* FishView.swift */,
				32797BC62AD0B6CC0041E3CC /* FishSceneView.swift */,
				32797BC42AD0B5750041E3CC /* FishRendererManager.swift */,
				32797BBC2AD072ED0041E3CC /* ChallengesView.swift */,
				32797BC22AD0B4E60041E3CC /* Fish.scn */,
				32797BBE2AD0B2C90041E3CC /* ChallengeRowView.swift */,
				32797BC02AD0B2CD0041E3CC /* Challenge.swift */,
				323C5A7F2AD0677F00CB8694 /* LogView.swift */,
				323C5A732AD05AD600CB8694 /* Assets.xcassets */,
				323C5A752AD05AD600CB8694 /* Preview Content */,
			);
			path = Fish;
			sourceTree = "<group>";
		};
		323C5A752AD05AD600CB8694 /* Preview Content */ = {
			isa = PBXGroup;
			children = (
				323C5A762AD05AD600CB8694 /* Preview Assets.xcassets */,
			);
			path = "Preview Content";
			sourceTree = "<group>";
		};
/* End PBXGroup section */

/* Begin PBXNativeTarget section */
		323C5A6B2AD05AD400CB8694 /* Fish */ = {
			isa = PBXNativeTarget;
			buildConfigurationList = 323C5A7A2AD05AD600CB8694 /* Build configuration list for PBXNativeTarget "Fish" */;
			buildPhases = (
				323C5A682AD05AD400CB8694 /* Sources */,
				323C5A692AD05AD400CB8694 /* Frameworks */,
				323C5A6A2AD05AD400CB8694 /* Resources */,
			);
			buildRules = (
			);
			dependencies = (
			);
			name = Fish;
			productName = Fish;
			productReference = 323C5A6C2AD05AD400CB8694 /* Fish.app */;
			productType = "com.apple.product-type.application";
		};
/* End PBXNativeTarget section */

/* Begin PBXProject section */
		323C5A642AD05AD400CB8694 /* Project object */ = {
			isa = PBXProject;
			attributes = {
				BuildIndependentTargetsInParallel = 1;
				LastSwiftUpdateCheck = 1500;
				LastUpgradeCheck = 1500;
				TargetAttributes = {
					323C5A6B2AD05AD400CB8694 = {
						CreatedOnToolsVersion = 15.0;
					};
				};
			};
			buildConfigurationList = 323C5A672AD05AD400CB8694 /* Build configuration list for PBXProject "Fish" */;
			compatibilityVersion = "Xcode 14.0";
			developmentRegion = en;
			hasScannedForEncodings = 0;
			knownRegions = (
				en,
				Base,
			);
			mainGroup = 323C5A632AD05AD400CB8694;
			productRefGroup = 323C5A6D2AD05AD400CB8694 /* Products */;
			projectDirPath = "";
			projectRoot = "";
			targets = (
				323C5A6B2AD05AD400CB8694 /* Fish */,
			);
		};
/* End PBXProject section */

/* Begin PBXResourcesBuildPhase section */
		323C5A6A2AD05AD400CB8694 /* Resources */ = {
			isa = PBXResourcesBuildPhase;
			buildActionMask = 2147483647;
			files = (
				32797BC32AD0B4E60041E3CC /* Fish.scn in Resources */,
				323C5A772AD05AD600CB8694 /* Preview Assets.xcassets in Resources */,
				323C5A742AD05AD600CB8694 /* Assets.xcassets in Resources */,
			);
			runOnlyForDeploymentPostprocessing = 0;
		};
/* End PBXResourcesBuildPhase section */

/* Begin PBXSourcesBuildPhase section */
		323C5A682AD05AD400CB8694 /* Sources */ = {
			isa = PBXSourcesBuildPhase;
			buildActionMask = 2147483647;
			files = (
				32797BC52AD0B5750041E3CC /* FishRendererManager.swift in Sources */,
				32797BC12AD0B2CD0041E3CC /* Challenge.swift in Sources */,
				32797BBD2AD072ED0041E3CC /* ChallengesView.swift in Sources */,
				323C5A722AD05AD400CB8694 /* ContentView.swift in Sources */,
				323C5A802AD0677F00CB8694 /* LogView.swift in Sources */,
				32797BBF2AD0B2C90041E3CC /* ChallengeRowView.swift in Sources */,
				323C5A702AD05AD400CB8694 /* FishApp.swift in Sources */,
				32797BC72AD0B6CC0041E3CC /* FishSceneView.swift in Sources */,
				323C5A7E2AD0670B00CB8694 /* FishView.swift in Sources */,
			);
			runOnlyForDeploymentPostprocessing = 0;
		};
/* End PBXSourcesBuildPhase section */

/* Begin XCBuildConfiguration section */
		323C5A782AD05AD600CB8694 /* Debug */ = {
			isa = XCBuildConfiguration;
			buildSettings = {
				ALWAYS_SEARCH_USER_PATHS = NO;
				ASSETCATALOG_COMPILER_GENERATE_SWIFT_ASSET_SYMBOL_EXTENSIONS = YES;
				CLANG_ANALYZER_NONNULL = YES;
				CLANG_ANALYZER_NUMBER_OBJECT_CONVERSION = YES_AGGRESSIVE;
				CLANG_CXX_LANGUAGE_STANDARD = "gnu++20";
				CLANG_ENABLE_MODULES = YES;
				CLANG_ENABLE_OBJC_ARC = YES;
				CLANG_ENABLE_OBJC_WEAK = YES;
				CLANG_WARN_BLOCK_CAPTURE_AUTORELEASING = YES;
				CLANG_WARN_BOOL_CONVERSION = YES;
				CLANG_WARN_COMMA = YES;
				CLANG_WARN_CONSTANT_CONVERSION = YES;
				CLANG_WARN_DEPRECATED_OBJC_IMPLEMENTATIONS = YES;
				CLANG_WARN_DIRECT_OBJC_ISA_USAGE = YES_ERROR;
				CLANG_WARN_DOCUMENTATION_COMMENTS = YES;
				CLANG_WARN_EMPTY_BODY = YES;
				CLANG_WARN_ENUM_CONVERSION = YES;
				CLANG_WARN_INFINITE_RECURSION = YES;
				CLANG_WARN_INT_CONVERSION = YES;
				CLANG_WARN_NON_LITERAL_NULL_CONVERSION = YES;
				CLANG_WARN_OBJC_IMPLICIT_RETAIN_SELF = YES;
				CLANG_WARN_OBJC_LITERAL_CONVERSION = YES;
				CLANG_WARN_OBJC_ROOT_CLASS = YES_ERROR;
				CLANG_WARN_QUOTED_INCLUDE_IN_FRAMEWORK_HEADER = YES;
				CLANG_WARN_RANGE_LOOP_ANALYSIS = YES;
				CLANG_WARN_STRICT_PROTOTYPES = YES;
				CLANG_WARN_SUSPICIOUS_MOVE = YES;
				CLANG_WARN_UNGUARDED_AVAILABILITY = YES_AGGRESSIVE;
				CLANG_WARN_UNREACHABLE_CODE = YES;
				CLANG_WARN__DUPLICATE_METHOD_MATCH = YES;
				COPY_PHASE_STRIP = NO;
				DEBUG_INFORMATION_FORMAT = dwarf;
				ENABLE_STRICT_OBJC_MSGSEND = YES;
				ENABLE_TESTABILITY = YES;
				ENABLE_USER_SCRIPT_SANDBOXING = YES;
				GCC_C_LANGUAGE_STANDARD = gnu17;
				GCC_DYNAMIC_NO_PIC = NO;
				GCC_NO_COMMON_BLOCKS = YES;
				GCC_OPTIMIZATION_LEVEL = 0;
				GCC_PREPROCESSOR_DEFINITIONS = (
					"DEBUG=1",
					"$(inherited)",
				);
				GCC_WARN_64_TO_32_BIT_CONVERSION = YES;
				GCC_WARN_ABOUT_RETURN_TYPE = YES_ERROR;
				GCC_WARN_UNDECLARED_SELECTOR = YES;
				GCC_WARN_UNINITIALIZED_AUTOS = YES_AGGRESSIVE;
				GCC_WARN_UNUSED_FUNCTION = YES;
				GCC_WARN_UNUSED_VARIABLE = YES;
				IPHONEOS_DEPLOYMENT_TARGET = 17.0;
				LOCALIZATION_PREFERS_STRING_CATALOGS = YES;
				MTL_ENABLE_DEBUG_INFO = INCLUDE_SOURCE;
				MTL_FAST_MATH = YES;
				ONLY_ACTIVE_ARCH = YES;
				SDKROOT = iphoneos;
				SWIFT_ACTIVE_COMPILATION_CONDITIONS = "DEBUG $(inherited)";
				SWIFT_OPTIMIZATION_LEVEL = "-Onone";
			};
			name = Debug;
		};
		323C5A792AD05AD600CB8694 /* Release */ = {
			isa = XCBuildConfiguration;
			buildSettings = {
				ALWAYS_SEARCH_USER_PATHS = NO;
				ASSETCATALOG_COMPILER_GENERATE_SWIFT_ASSET_SYMBOL_EXTENSIONS = YES;
				CLANG_ANALYZER_NONNULL = YES;
				CLANG_ANALYZER_NUMBER_OBJECT_CONVERSION = YES_AGGRESSIVE;
				CLANG_CXX_LANGUAGE_STANDARD = "gnu++20";
				CLANG_ENABLE_MODULES = YES;
				CLANG_ENABLE_OBJC_ARC = YES;
				CLANG_ENABLE_OBJC_WEAK = YES;
				CLANG_WARN_BLOCK_CAPTURE_AUTORELEASING = YES;
				CLANG_WARN_BOOL_CONVERSION = YES;
				CLANG_WARN_COMMA = YES;
				CLANG_WARN_CONSTANT_CONVERSION = YES;
				CLANG_WARN_DEPRECATED_OBJC_IMPLEMENTATIONS = YES;
				CLANG_WARN_DIRECT_OBJC_ISA_USAGE = YES_ERROR;
				CLANG_WARN_DOCUMENTATION_COMMENTS = YES;
				CLANG_WARN_EMPTY_BODY = YES;
				CLANG_WARN_ENUM_CONVERSION = YES;
				CLANG_WARN_INFINITE_RECURSION = YES;
				CLANG_WARN_INT_CONVERSION = YES;
				CLANG_WARN_NON_LITERAL_NULL_CONVERSION = YES;
				CLANG_WARN_OBJC_IMPLICIT_RETAIN_SELF = YES;
				CLANG_WARN_OBJC_LITERAL_CONVERSION = YES;
				CLANG_WARN_OBJC_ROOT_CLASS = YES_ERROR;
				CLANG_WARN_QUOTED_INCLUDE_IN_FRAMEWORK_HEADER = YES;
				CLANG_WARN_RANGE_LOOP_ANALYSIS = YES;
				CLANG_WARN_STRICT_PROTOTYPES = YES;
				CLANG_WARN_SUSPICIOUS_MOVE = YES;
				CLANG_WARN_UNGUARDED_AVAILABILITY = YES_AGGRESSIVE;
				CLANG_WARN_UNREACHABLE_CODE = YES;
				CLANG_WARN__DUPLICATE_METHOD_MATCH = YES;
				COPY_PHASE_STRIP = NO;
				DEBUG_INFORMATION_FORMAT = "dwarf-with-dsym";
				ENABLE_NS_ASSERTIONS = NO;
				ENABLE_STRICT_OBJC_MSGSEND = YES;
				ENABLE_USER_SCRIPT_SANDBOXING = YES;
				GCC_C_LANGUAGE_STANDARD = gnu17;
				GCC_NO_COMMON_BLOCKS = YES;
				GCC_WARN_64_TO_32_BIT_CONVERSION = YES;
				GCC_WARN_ABOUT_RETURN_TYPE = YES_ERROR;
				GCC_WARN_UNDECLARED_SELECTOR = YES;
				GCC_WARN_UNINITIALIZED_AUTOS = YES_AGGRESSIVE;
				GCC_WARN_UNUSED_FUNCTION = YES;
				GCC_WARN_UNUSED_VARIABLE = YES;
				IPHONEOS_DEPLOYMENT_TARGET = 17.0;
				LOCALIZATION_PREFERS_STRING_CATALOGS = YES;
				MTL_ENABLE_DEBUG_INFO = NO;
				MTL_FAST_MATH = YES;
				SDKROOT = iphoneos;
				SWIFT_COMPILATION_MODE = wholemodule;
				VALIDATE_PRODUCT = YES;
			};
			name = Release;
		};
		323C5A7B2AD05AD600CB8694 /* Debug */ = {
			isa = XCBuildConfiguration;
			buildSettings = {
				ASSETCATALOG_COMPILER_APPICON_NAME = AppIcon;
				ASSETCATALOG_COMPILER_GLOBAL_ACCENT_COLOR_NAME = AccentColor;
				CODE_SIGN_STYLE = Automatic;
				CURRENT_PROJECT_VERSION = 1;
				DEVELOPMENT_ASSET_PATHS = "\"Fish/Preview Content\"";
				DEVELOPMENT_TEAM = XL5JK4F896;
				ENABLE_PREVIEWS = YES;
				GENERATE_INFOPLIST_FILE = YES;
				INFOPLIST_KEY_UIApplicationSceneManifest_Generation = YES;
				INFOPLIST_KEY_UIApplicationSupportsIndirectInputEvents = YES;
				INFOPLIST_KEY_UILaunchScreen_Generation = YES;
				INFOPLIST_KEY_UISupportedInterfaceOrientations_iPad = "UIInterfaceOrientationPortrait UIInterfaceOrientationPortraitUpsideDown UIInterfaceOrientationLandscapeLeft UIInterfaceOrientationLandscapeRight";
				INFOPLIST_KEY_UISupportedInterfaceOrientations_iPhone = "UIInterfaceOrientationPortrait UIInterfaceOrientationLandscapeLeft UIInterfaceOrientationLandscapeRight";
				LD_RUNPATH_SEARCH_PATHS = (
					"$(inherited)",
					"@executable_path/Frameworks",
				);
				MARKETING_VERSION = 1.0;
				PRODUCT_BUNDLE_IDENTIFIER = app.jiachen.Fish;
				PRODUCT_NAME = "$(TARGET_NAME)";
				SWIFT_EMIT_LOC_STRINGS = YES;
				SWIFT_VERSION = 5.0;
				TARGETED_DEVICE_FAMILY = "1,2";
			};
			name = Debug;
		};
		323C5A7C2AD05AD600CB8694 /* Release */ = {
			isa = XCBuildConfiguration;
			buildSettings = {
				ASSETCATALOG_COMPILER_APPICON_NAME = AppIcon;
				ASSETCATALOG_COMPILER_GLOBAL_ACCENT_COLOR_NAME = AccentColor;
				CODE_SIGN_STYLE = Automatic;
				CURRENT_PROJECT_VERSION = 1;
				DEVELOPMENT_ASSET_PATHS = "\"Fish/Preview Content\"";
				DEVELOPMENT_TEAM = XL5JK4F896;
				ENABLE_PREVIEWS = YES;
				GENERATE_INFOPLIST_FILE = YES;
				INFOPLIST_KEY_UIApplicationSceneManifest_Generation = YES;
				INFOPLIST_KEY_UIApplicationSupportsIndirectInputEvents = YES;
				INFOPLIST_KEY_UILaunchScreen_Generation = YES;
				INFOPLIST_KEY_UISupportedInterfaceOrientations_iPad = "UIInterfaceOrientationPortrait UIInterfaceOrientationPortraitUpsideDown UIInterfaceOrientationLandscapeLeft UIInterfaceOrientationLandscapeRight";
				INFOPLIST_KEY_UISupportedInterfaceOrientations_iPhone = "UIInterfaceOrientationPortrait UIInterfaceOrientationLandscapeLeft UIInterfaceOrientationLandscapeRight";
				LD_RUNPATH_SEARCH_PATHS = (
					"$(inherited)",
					"@executable_path/Frameworks",
				);
				MARKETING_VERSION = 1.0;
				PRODUCT_BUNDLE_IDENTIFIER = app.jiachen.Fish;
				PRODUCT_NAME = "$(TARGET_NAME)";
				SWIFT_EMIT_LOC_STRINGS = YES;
				SWIFT_VERSION = 5.0;
				TARGETED_DEVICE_FAMILY = "1,2";
			};
			name = Release;
		};
/* End XCBuildConfiguration section */

/* Begin XCConfigurationList section */
		323C5A672AD05AD400CB8694 /* Build configuration list for PBXProject "Fish" */ = {
			isa = XCConfigurationList;
			buildConfigurations = (
				323C5A782AD05AD600CB8694 /* Debug */,
				323C5A792AD05AD600CB8694 /* Release */,
			);
			defaultConfigurationIsVisible = 0;
			defaultConfigurationName = Release;
		};
		323C5A7A2AD05AD600CB8694 /* Build configuration list for PBXNativeTarget "Fish" */ = {
			isa = XCConfigurationList;
			buildConfigurations = (
				323C5A7B2AD05AD600CB8694 /* Debug */,
				323C5A7C2AD05AD600CB8694 /* Release */,
			);
			defaultConfigurationIsVisible = 0;
			defaultConfigurationName = Release;
		};
/* End XCConfigurationList section */
	};
	rootObject = 323C5A642AD05AD400CB8694 /* Project object */;
}
